
Microsoft Visual Studio Solution File, Format Version 12.00
# Visual Studio Version 17
VisualStudioVersion = 17.5.33424.131
MinimumVisualStudioVersion = 10.0.40219.1
Project("{FAE04EC0-301F-11D3-BF4B-00C04F79EFBC}") = "Database", "Database\Database.csproj", "{F80B2431-3288-4E01-9DB0-62251B2B2DA9}"
EndProject
Global
	GlobalSection(SolutionConfigurationPlatforms) = preSolution
		Debug|Any CPU = Debug|Any CPU
		Release|Any CPU = Release|Any CPU
	EndGlobalSection
	GlobalSection(ProjectConfigurationPlatforms) = postSolution
		{F80B2431-3288-4E01-9DB0-62251B2B2DA9}.Debug|Any CPU.ActiveCfg = Debug|Any CPU
		{F80B2431-3288-4E01-9DB0-62251B2B2DA9}.Debug|Any CPU.Build.0 = Debug|Any CPU
		{F80B2431-3288-4E01-9DB0-62251B2B2DA9}.Release|Any CPU.ActiveCfg = Release|Any CPU
		{F80B2431-3288-4E01-9DB0-62251B2B2DA9}.Release|Any CPU.Build.0 = Release|Any CPU
	EndGlobalSection
	GlobalSection(SolutionProperties) = preSolution
		HideSolutionNode = FALSE
	EndGlobalSection
	GlobalSection(ExtensibilityGlobals) = postSolution
		SolutionGuid = {AC760FE1-896E-41E1-A05A-24E4C94C2F34}
	EndGlobalSection
EndGlobal
